// !$*UTF8*$!
{
	archiveVersion = 1;
	classes = {
	};
	objectVersion = 50;
	objects = {

/* Begin PBXFileReference section */
		79113DAF25C35E6B00BF5333 /* carpoolgroup1.cpp */ = {isa = PBXFileReference; lastKnownFileType = sourcecode.cpp.cpp; path = carpoolgroup1.cpp; sourceTree = "<group>"; };
		79113DB025C35E6B00BF5333 /* lab3part1.hpp */ = {isa = PBXFileReference; lastKnownFileType = sourcecode.cpp.h; path = lab3part1.hpp; sourceTree = "<group>"; };
		79113DB125C3677700BF5333 /* laurencarpoolgroup1.cpp */ = {isa = PBXFileReference; lastKnownFileType = sourcecode.cpp.cpp; path = laurencarpoolgroup1.cpp; sourceTree = "<group>"; };
/* End PBXFileReference section */

/* Begin PBXGroup section */
		79113DA825C35E4100BF5333 = {
			isa = PBXGroup;
			children = (
				79113DB125C3677700BF5333 /* laurencarpoolgroup1.cpp */,
				79113DAF25C35E6B00BF5333 /* carpoolgroup1.cpp */,
				79113DB025C35E6B00BF5333 /* lab3part1.hpp */,
			);
			sourceTree = "<group>";
		};
/* End PBXGroup section */

/* Begin PBXProject section */
		79113DA925C35E4100BF5333 /* Project object */ = {
			isa = PBXProject;
			attributes = {
				LastUpgradeCheck = 1230;
			};
			buildConfigurationList = 79113DAC25C35E4100BF5333 /* Build configuration list for PBXProject "lab3part1" */;
			compatibilityVersion = "Xcode 9.3";
			developmentRegion = en;
			hasScannedForEncodings = 0;
			knownRegions = (
				en,
				Base,
			);
			mainGroup = 79113DA825C35E4100BF5333;
			projectDirPath = "";
			projectRoot = "";
			targets = (
			);
		};
/* End PBXProject section */

/* Begin XCBuildConfiguration section */
		79113DAD25C35E4100BF5333 /* Debug */ = {
			isa = XCBuildConfiguration;
			buildSettings = {
			};
			name = Debug;
		};
		79113DAE25C35E4100BF5333 /* Release */ = {
			isa = XCBuildConfiguration;
			buildSettings = {
			};
			name = Release;
		};
/* End XCBuildConfiguration section */

/* Begin XCConfigurationList section */
		79113DAC25C35E4100BF5333 /* Build configuration list for PBXProject "lab3part1" */ = {
			isa = XCConfigurationList;
			buildConfigurations = (
				79113DAD25C35E4100BF5333 /* Debug */,
				79113DAE25C35E4100BF5333 /* Release */,
			);
			defaultConfigurationIsVisible = 0;
			defaultConfigurationName = Release;
		};
/* End XCConfigurationList section */
	};
	rootObject = 79113DA925C35E4100BF5333 /* Project object */;
}
