// !$*UTF8*$!
{
	archiveVersion = 1;
	classes = {
	};
	objectVersion = 50;
	objects = {

/* Begin PBXFileReference section */
		79113DB925C36A9A00BF5333 /* lab3jonathannelson.cpp */ = {isa = PBXFileReference; lastKnownFileType = sourcecode.cpp.cpp; path = lab3jonathannelson.cpp; sourceTree = "<group>"; };
/* End PBXFileReference section */

/* Begin PBXGroup section */
		79113DB225C36A8500BF5333 = {
			isa = PBXGroup;
			children = (
				79113DB925C36A9A00BF5333 /* lab3jonathannelson.cpp */,
			);
			sourceTree = "<group>";
		};
/* End PBXGroup section */

/* Begin PBXProject section */
		79113DB325C36A8500BF5333 /* Project object */ = {
			isa = PBXProject;
			attributes = {
				LastUpgradeCheck = 1230;
			};
			buildConfigurationList = 79113DB625C36A8500BF5333 /* Build configuration list for PBXProject "lab3part2" */;
			compatibilityVersion = "Xcode 9.3";
			developmentRegion = en;
			hasScannedForEncodings = 0;
			knownRegions = (
				en,
				Base,
			);
			mainGroup = 79113DB225C36A8500BF5333;
			projectDirPath = "";
			projectRoot = "";
			targets = (
			);
		};
/* End PBXProject section */

/* Begin XCBuildConfiguration section */
		79113DB725C36A8500BF5333 /* Debug */ = {
			isa = XCBuildConfiguration;
			buildSettings = {
			};
			name = Debug;
		};
		79113DB825C36A8500BF5333 /* Release */ = {
			isa = XCBuildConfiguration;
			buildSettings = {
			};
			name = Release;
		};
/* End XCBuildConfiguration section */

/* Begin XCConfigurationList section */
		79113DB625C36A8500BF5333 /* Build configuration list for PBXProject "lab3part2" */ = {
			isa = XCConfigurationList;
			buildConfigurations = (
				79113DB725C36A8500BF5333 /* Debug */,
				79113DB825C36A8500BF5333 /* Release */,
			);
			defaultConfigurationIsVisible = 0;
			defaultConfigurationName = Release;
		};
/* End XCConfigurationList section */
	};
	rootObject = 79113DB325C36A8500BF5333 /* Project object */;
}
