// !$*UTF8*$!
{
	archiveVersion = 1;
	classes = {
	};
	objectVersion = 50;
	objects = {

/* Begin PBXFileReference section */
		79371A9825BA293200B199AD /* Welcome to C++.cpp */ = {isa = PBXFileReference; lastKnownFileType = sourcecode.cpp.cpp; path = "Welcome to C++.cpp"; sourceTree = "<group>"; };
		79371A9925BA293200B199AD /* Welcome to C++.hpp */ = {isa = PBXFileReference; lastKnownFileType = sourcecode.cpp.h; path = "Welcome to C++.hpp"; sourceTree = "<group>"; };
		79371A9A25BA2DB100B199AD /* lab2jonathannelson.cpp */ = {isa = PBXFileReference; lastKnownFileType = sourcecode.cpp.cpp; path = lab2jonathannelson.cpp; sourceTree = "<group>"; };
		79371A9B25BA2DB100B199AD /* Addition Function.hpp */ = {isa = PBXFileReference; lastKnownFileType = sourcecode.cpp.h; path = "Addition Function.hpp"; sourceTree = "<group>"; };
/* End PBXFileReference section */

/* Begin PBXGroup section */
		79371A9125BA291D00B199AD = {
			isa = PBXGroup;
			children = (
				79371A9825BA293200B199AD /* Welcome to C++.cpp */,
				79371A9A25BA2DB100B199AD /* lab2jonathannelson.cpp */,
				79371A9B25BA2DB100B199AD /* Addition Function.hpp */,
				79371A9925BA293200B199AD /* Welcome to C++.hpp */,
			);
			sourceTree = "<group>";
		};
/* End PBXGroup section */

/* Begin PBXProject section */
		79371A9225BA291D00B199AD /* Project object */ = {
			isa = PBXProject;
			attributes = {
				LastUpgradeCheck = 1230;
			};
			buildConfigurationList = 79371A9525BA291D00B199AD /* Build configuration list for PBXProject "Welcom to C++" */;
			compatibilityVersion = "Xcode 9.3";
			developmentRegion = en;
			hasScannedForEncodings = 0;
			knownRegions = (
				en,
				Base,
			);
			mainGroup = 79371A9125BA291D00B199AD;
			projectDirPath = "";
			projectRoot = "";
			targets = (
			);
		};
/* End PBXProject section */

/* Begin XCBuildConfiguration section */
		79371A9625BA291D00B199AD /* Debug */ = {
			isa = XCBuildConfiguration;
			buildSettings = {
			};
			name = Debug;
		};
		79371A9725BA291D00B199AD /* Release */ = {
			isa = XCBuildConfiguration;
			buildSettings = {
			};
			name = Release;
		};
/* End XCBuildConfiguration section */

/* Begin XCConfigurationList section */
		79371A9525BA291D00B199AD /* Build configuration list for PBXProject "Welcom to C++" */ = {
			isa = XCConfigurationList;
			buildConfigurations = (
				79371A9625BA291D00B199AD /* Debug */,
				79371A9725BA291D00B199AD /* Release */,
			);
			defaultConfigurationIsVisible = 0;
			defaultConfigurationName = Release;
		};
/* End XCConfigurationList section */
	};
	rootObject = 79371A9225BA291D00B199AD /* Project object */;
}
