// !$*UTF8*$!
{
	archiveVersion = 1;
	classes = {
	};
	objectVersion = 50;
	objects = {

/* Begin PBXFileReference section */
		79D82DFF25C8813400D2B66F /* AccountTestjonathannelson.cpp */ = {isa = PBXFileReference; lastKnownFileType = sourcecode.cpp.cpp; path = AccountTestjonathannelson.cpp; sourceTree = "<group>"; };
		79D82E0025C8819300D2B66F /* Accountworkinprogress.h */ = {isa = PBXFileReference; lastKnownFileType = sourcecode.c.h; path = Accountworkinprogress.h; sourceTree = "<group>"; };
		79D82E0125C889E000D2B66F /* Accountjonathannelson.h */ = {isa = PBXFileReference; lastKnownFileType = sourcecode.c.h; path = Accountjonathannelson.h; sourceTree = "<group>"; };
/* End PBXFileReference section */

/* Begin PBXGroup section */
		79D82DF825C8811A00D2B66F = {
			isa = PBXGroup;
			children = (
				79D82E0025C8819300D2B66F /* Accountworkinprogress.h */,
				79D82E0125C889E000D2B66F /* Accountjonathannelson.h */,
				79D82DFF25C8813400D2B66F /* AccountTestjonathannelson.cpp */,
			);
			sourceTree = "<group>";
		};
/* End PBXGroup section */

/* Begin PBXProject section */
		79D82DF925C8811A00D2B66F /* Project object */ = {
			isa = PBXProject;
			attributes = {
				LastUpgradeCheck = 1240;
			};
			buildConfigurationList = 79D82DFC25C8811A00D2B66F /* Build configuration list for PBXProject "inclass02012020" */;
			compatibilityVersion = "Xcode 9.3";
			developmentRegion = en;
			hasScannedForEncodings = 0;
			knownRegions = (
				en,
				Base,
			);
			mainGroup = 79D82DF825C8811A00D2B66F;
			projectDirPath = "";
			projectRoot = "";
			targets = (
			);
		};
/* End PBXProject section */

/* Begin XCBuildConfiguration section */
		79D82DFD25C8811A00D2B66F /* Debug */ = {
			isa = XCBuildConfiguration;
			buildSettings = {
			};
			name = Debug;
		};
		79D82DFE25C8811A00D2B66F /* Release */ = {
			isa = XCBuildConfiguration;
			buildSettings = {
			};
			name = Release;
		};
/* End XCBuildConfiguration section */

/* Begin XCConfigurationList section */
		79D82DFC25C8811A00D2B66F /* Build configuration list for PBXProject "inclass02012020" */ = {
			isa = XCConfigurationList;
			buildConfigurations = (
				79D82DFD25C8811A00D2B66F /* Debug */,
				79D82DFE25C8811A00D2B66F /* Release */,
			);
			defaultConfigurationIsVisible = 0;
			defaultConfigurationName = Release;
		};
/* End XCConfigurationList section */
	};
	rootObject = 79D82DF925C8811A00D2B66F /* Project object */;
}
