// !$*UTF8*$!
{
	archiveVersion = 1;
	classes = {
	};
	objectVersion = 50;
	objects = {

/* Begin PBXFileReference section */
		79BD943C25CC9F950068F52C /* lab4jonathannelson.cpp */ = {isa = PBXFileReference; lastKnownFileType = sourcecode.cpp.cpp; path = lab4jonathannelson.cpp; sourceTree = "<group>"; };
/* End PBXFileReference section */

/* Begin PBXGroup section */
		79BD943425CC98BB0068F52C = {
			isa = PBXGroup;
			children = (
				79BD943C25CC9F950068F52C /* lab4jonathannelson.cpp */,
			);
			sourceTree = "<group>";
		};
/* End PBXGroup section */

/* Begin PBXProject section */
		79BD943525CC98BB0068F52C /* Project object */ = {
			isa = PBXProject;
			attributes = {
				LastUpgradeCheck = 1240;
			};
			buildConfigurationList = 79BD943825CC98BB0068F52C /* Build configuration list for PBXProject "lab4jonathannelson" */;
			compatibilityVersion = "Xcode 9.3";
			developmentRegion = en;
			hasScannedForEncodings = 0;
			knownRegions = (
				en,
				Base,
			);
			mainGroup = 79BD943425CC98BB0068F52C;
			projectDirPath = "";
			projectRoot = "";
			targets = (
			);
		};
/* End PBXProject section */

/* Begin XCBuildConfiguration section */
		79BD943925CC98BB0068F52C /* Debug */ = {
			isa = XCBuildConfiguration;
			buildSettings = {
			};
			name = Debug;
		};
		79BD943A25CC98BB0068F52C /* Release */ = {
			isa = XCBuildConfiguration;
			buildSettings = {
			};
			name = Release;
		};
/* End XCBuildConfiguration section */

/* Begin XCConfigurationList section */
		79BD943825CC98BB0068F52C /* Build configuration list for PBXProject "lab4jonathannelson" */ = {
			isa = XCConfigurationList;
			buildConfigurations = (
				79BD943925CC98BB0068F52C /* Debug */,
				79BD943A25CC98BB0068F52C /* Release */,
			);
			defaultConfigurationIsVisible = 0;
			defaultConfigurationName = Release;
		};
/* End XCConfigurationList section */
	};
	rootObject = 79BD943525CC98BB0068F52C /* Project object */;
}
